{
  "name": "Visualization",
  "lockfileVersion": 2,
  "requires": true,
  "packages": {
    "": {
      "dependencies": {
        "echarts-wordcloud": "^2.1.0"
      }
    },
    "node_modules/echarts": {
      "version": "5.4.0",
      "resolved": "https://mirrors.cloud.tencent.com/npm/echarts/-/echarts-5.4.0.tgz",
      "integrity": "sha512-uPsO9VRUIKAdFOoH3B0aNg7NRVdN7aM39/OjovjO9MwmWsAkfGyeXJhK+dbRi51iDrQWliXV60/XwLA7kg3z0w==",
      "license": "Apache-2.0",
      "peer": true,
      "dependencies": {
        "tslib": "2.3.0",
        "zrender": "5.4.0"
      }
    },
    "node_modules/echarts-wordcloud": {
      "version": "2.1.0",
      "resolved": "https://mirrors.cloud.tencent.com/npm/echarts-wordcloud/-/echarts-wordcloud-2.1.0.tgz",
      "integrity": "sha512-Kt1JmbcROgb+3IMI48KZECK2AP5lG6bSsOEs+AsuwaWJxQom31RTNd6NFYI01E/YaI1PFZeueaupjlmzSQasjQ==",
      "license": "ISC",
      "peerDependencies": {
        "echarts": "^5.0.1"
      }
    },
    "node_modules/tslib": {
      "version": "2.3.0",
      "resolved": "https://mirrors.cloud.tencent.com/npm/tslib/-/tslib-2.3.0.tgz",
      "integrity": "sha512-N82ooyxVNm6h1riLCoyS9e3fuJ3AMG2zIZs2Gd1ATcSFjSA23Q0fzjjZeh0jbJvWVDZ0cJT8yaNNaaXHzueNjg==",
      "license": "0BSD",
      "peer": true
    },
    "node_modules/zrender": {
      "version": "5.4.0",
      "resolved": "https://mirrors.cloud.tencent.com/npm/zrender/-/zrender-5.4.0.tgz",
      "integrity": "sha512-rOS09Z2HSVGFs2dn/TuYk5BlCaZcVe8UDLLjj1ySYF828LATKKdxuakSZMvrDz54yiKPDYVfjdKqcX8Jky3BIA==",
      "license": "BSD-3-Clause",
      "peer": true,
      "dependencies": {
        "tslib": "2.3.0"
      }
    }
  },
  "dependencies": {
    "echarts": {
      "version": "5.4.0",
      "resolved": "https://mirrors.cloud.tencent.com/npm/echarts/-/echarts-5.4.0.tgz",
      "integrity": "sha512-uPsO9VRUIKAdFOoH3B0aNg7NRVdN7aM39/OjovjO9MwmWsAkfGyeXJhK+dbRi51iDrQWliXV60/XwLA7kg3z0w==",
      "peer": true,
      "requires": {
        "tslib": "2.3.0",
        "zrender": "5.4.0"
      }
    },
    "echarts-wordcloud": {
      "version": "2.1.0",
      "resolved": "https://mirrors.cloud.tencent.com/npm/echarts-wordcloud/-/echarts-wordcloud-2.1.0.tgz",
      "integrity": "sha512-Kt1JmbcROgb+3IMI48KZECK2AP5lG6bSsOEs+AsuwaWJxQom31RTNd6NFYI01E/YaI1PFZeueaupjlmzSQasjQ==",
      "requires": {}
    },
    "tslib": {
      "version": "2.3.0",
      "resolved": "https://mirrors.cloud.tencent.com/npm/tslib/-/tslib-2.3.0.tgz",
      "integrity": "sha512-N82ooyxVNm6h1riLCoyS9e3fuJ3AMG2zIZs2Gd1ATcSFjSA23Q0fzjjZeh0jbJvWVDZ0cJT8yaNNaaXHzueNjg==",
      "peer": true
    },
    "zrender": {
      "version": "5.4.0",
      "resolved": "https://mirrors.cloud.tencent.com/npm/zrender/-/zrender-5.4.0.tgz",
      "integrity": "sha512-rOS09Z2HSVGFs2dn/TuYk5BlCaZcVe8UDLLjj1ySYF828LATKKdxuakSZMvrDz54yiKPDYVfjdKqcX8Jky3BIA==",
      "peer": true,
      "requires": {
        "tslib": "2.3.0"
      }
    }
  }
}
